// !$*UTF8*$!
{
	archiveVersion = 1;
	classes = {
	};
	objectVersion = 55;
	objects = {

/* Begin PBXBuildFile section */
		4013F464289BFB370029ACEA /* AppDelegate.swift in Sources */ = {isa = PBXBuildFile; fileRef = 4013F463289BFB370029ACEA /* AppDelegate.swift */; };
		4013F466289BFB370029ACEA /* SceneDelegate.swift in Sources */ = {isa = PBXBuildFile; fileRef = 4013F465289BFB370029ACEA /* SceneDelegate.swift */; };
		4013F468289BFB370029ACEA /* ViewController.swift in Sources */ = {isa = PBXBuildFile; fileRef = 4013F467289BFB370029ACEA /* ViewController.swift */; };
		4013F46B289BFB370029ACEA /* Main.storyboard in Resources */ = {isa = PBXBuildFile; fileRef = 4013F469289BFB370029ACEA /* Main.storyboard */; };
		4013F46D289BFB390029ACEA /* Assets.xcassets in Resources */ = {isa = PBXBuildFile; fileRef = 4013F46C289BFB390029ACEA /* Assets.xcassets */; };
		4013F470289BFB390029ACEA /* LaunchScreen.storyboard in Resources */ = {isa = PBXBuildFile; fileRef = 4013F46E289BFB390029ACEA /* LaunchScreen.storyboard */; };
		4013F479289BFC000029ACEA /* SpringAnimation in Frameworks */ = {isa = PBXBuildFile; productRef = 4013F478289BFC000029ACEA /* SpringAnimation */; };
		40EB6AD3289D0187005CDF08 /* Animation.swift in Sources */ = {isa = PBXBuildFile; fileRef = 40EB6AD2289D0187005CDF08 /* Animation.swift */; };
/* End PBXBuildFile section */

/* Begin PBXFileReference section */
		4013F460289BFB370029ACEA /* Lesson 3.1 HW.app */ = {isa = PBXFileReference; explicitFileType = wrapper.application; includeInIndex = 0; path = "Lesson 3.1 HW.app"; sourceTree = BUILT_PRODUCTS_DIR; };
		4013F463289BFB370029ACEA /* AppDelegate.swift */ = {isa = PBXFileReference; lastKnownFileType = sourcecode.swift; path = AppDelegate.swift; sourceTree = "<group>"; };
		4013F465289BFB370029ACEA /* SceneDelegate.swift */ = {isa = PBXFileReference; lastKnownFileType = sourcecode.swift; path = SceneDelegate.swift; sourceTree = "<group>"; };
		4013F467289BFB370029ACEA /* ViewController.swift */ = {isa = PBXFileReference; lastKnownFileType = sourcecode.swift; path = ViewController.swift; sourceTree = "<group>"; };
		4013F46A289BFB370029ACEA /* Base */ = {isa = PBXFileReference; lastKnownFileType = file.storyboard; name = Base; path = Base.lproj/Main.storyboard; sourceTree = "<group>"; };
		4013F46C289BFB390029ACEA /* Assets.xcassets */ = {isa = PBXFileReference; lastKnownFileType = folder.assetcatalog; path = Assets.xcassets; sourceTree = "<group>"; };
		4013F46F289BFB390029ACEA /* Base */ = {isa = PBXFileReference; lastKnownFileType = file.storyboard; name = Base; path = Base.lproj/LaunchScreen.storyboard; sourceTree = "<group>"; };
		4013F471289BFB390029ACEA /* Info.plist */ = {isa = PBXFileReference; lastKnownFileType = text.plist.xml; path = Info.plist; sourceTree = "<group>"; };
		40EB6AD2289D0187005CDF08 /* Animation.swift */ = {isa = PBXFileReference; lastKnownFileType = sourcecode.swift; path = Animation.swift; sourceTree = "<group>"; };
/* End PBXFileReference section */

/* Begin PBXFrameworksBuildPhase section */
		4013F45D289BFB370029ACEA /* Frameworks */ = {
			isa = PBXFrameworksBuildPhase;
			buildActionMask = 2147483647;
			files = (
				4013F479289BFC000029ACEA /* SpringAnimation in Frameworks */,
			);
			runOnlyForDeploymentPostprocessing = 0;
		};
/* End PBXFrameworksBuildPhase section */

/* Begin PBXGroup section */
		4013F457289BFB370029ACEA = {
			isa = PBXGroup;
			children = (
				4013F462289BFB370029ACEA /* Lesson 3.1 HW */,
				4013F461289BFB370029ACEA /* Products */,
			);
			sourceTree = "<group>";
		};
		4013F461289BFB370029ACEA /* Products */ = {
			isa = PBXGroup;
			children = (
				4013F460289BFB370029ACEA /* Lesson 3.1 HW.app */,
			);
			name = Products;
			sourceTree = "<group>";
		};
		4013F462289BFB370029ACEA /* Lesson 3.1 HW */ = {
			isa = PBXGroup;
			children = (
				40EB6ACA289CFB95005CDF08 /* ViewControllers */,
				40EB6ACE289CFEAC005CDF08 /* Storyboards */,
				40EB6AD1289D016A005CDF08 /* Services */,
				40EB6AD0289CFECD005CDF08 /* App */,
				40EB6ACF289CFEBF005CDF08 /* Resources  */,
			);
			path = "Lesson 3.1 HW";
			sourceTree = "<group>";
		};
		40EB6ACA289CFB95005CDF08 /* ViewControllers */ = {
			isa = PBXGroup;
			children = (
				4013F467289BFB370029ACEA /* ViewController.swift */,
			);
			path = ViewControllers;
			sourceTree = "<group>";
		};
		40EB6ACE289CFEAC005CDF08 /* Storyboards */ = {
			isa = PBXGroup;
			children = (
				4013F469289BFB370029ACEA /* Main.storyboard */,
				4013F46E289BFB390029ACEA /* LaunchScreen.storyboard */,
			);
			path = Storyboards;
			sourceTree = "<group>";
		};
		40EB6ACF289CFEBF005CDF08 /* Resources  */ = {
			isa = PBXGroup;
			children = (
				4013F46C289BFB390029ACEA /* Assets.xcassets */,
			);
			path = "Resources ";
			sourceTree = "<group>";
		};
		40EB6AD0289CFECD005CDF08 /* App */ = {
			isa = PBXGroup;
			children = (
				4013F463289BFB370029ACEA /* AppDelegate.swift */,
				4013F465289BFB370029ACEA /* SceneDelegate.swift */,
				4013F471289BFB390029ACEA /* Info.plist */,
			);
			path = App;
			sourceTree = "<group>";
		};
		40EB6AD1289D016A005CDF08 /* Services */ = {
			isa = PBXGroup;
			children = (
				40EB6AD2289D0187005CDF08 /* Animation.swift */,
			);
			path = Services;
			sourceTree = "<group>";
		};
/* End PBXGroup section */

/* Begin PBXNativeTarget section */
		4013F45F289BFB370029ACEA /* Lesson 3.1 HW */ = {
			isa = PBXNativeTarget;
			buildConfigurationList = 4013F474289BFB390029ACEA /* Build configuration list for PBXNativeTarget "Lesson 3.1 HW" */;
			buildPhases = (
				4013F45C289BFB370029ACEA /* Sources */,
				4013F45D289BFB370029ACEA /* Frameworks */,
				4013F45E289BFB370029ACEA /* Resources */,
			);
			buildRules = (
			);
			dependencies = (
			);
			name = "Lesson 3.1 HW";
			packageProductDependencies = (
				4013F478289BFC000029ACEA /* SpringAnimation */,
			);
			productName = "Lesson 3.1 HW";
			productReference = 4013F460289BFB370029ACEA /* Lesson 3.1 HW.app */;
			productType = "com.apple.product-type.application";
		};
/* End PBXNativeTarget section */

/* Begin PBXProject section */
		4013F458289BFB370029ACEA /* Project object */ = {
			isa = PBXProject;
			attributes = {
				BuildIndependentTargetsInParallel = 1;
				LastSwiftUpdateCheck = 1340;
				LastUpgradeCheck = 1340;
				TargetAttributes = {
					4013F45F289BFB370029ACEA = {
						CreatedOnToolsVersion = 13.4.1;
					};
				};
			};
			buildConfigurationList = 4013F45B289BFB370029ACEA /* Build configuration list for PBXProject "Lesson 3.1 HW" */;
			compatibilityVersion = "Xcode 13.0";
			developmentRegion = en;
			hasScannedForEncodings = 0;
			knownRegions = (
				en,
				Base,
			);
			mainGroup = 4013F457289BFB370029ACEA;
			packageReferences = (
				4013F477289BFC000029ACEA /* XCRemoteSwiftPackageReference "SpringAnimation" */,
			);
			productRefGroup = 4013F461289BFB370029ACEA /* Products */;
			projectDirPath = "";
			projectRoot = "";
			targets = (
				4013F45F289BFB370029ACEA /* Lesson 3.1 HW */,
			);
		};
/* End PBXProject section */

/* Begin PBXResourcesBuildPhase section */
		4013F45E289BFB370029ACEA /* Resources */ = {
			isa = PBXResourcesBuildPhase;
			buildActionMask = 2147483647;
			files = (
				4013F470289BFB390029ACEA /* LaunchScreen.storyboard in Resources */,
				4013F46D289BFB390029ACEA /* Assets.xcassets in Resources */,
				4013F46B289BFB370029ACEA /* Main.storyboard in Resources */,
			);
			runOnlyForDeploymentPostprocessing = 0;
		};
/* End PBXResourcesBuildPhase section */

/* Begin PBXSourcesBuildPhase section */
		4013F45C289BFB370029ACEA /* Sources */ = {
			isa = PBXSourcesBuildPhase;
			buildActionMask = 2147483647;
			files = (
				4013F468289BFB370029ACEA /* ViewController.swift in Sources */,
				4013F464289BFB370029ACEA /* AppDelegate.swift in Sources */,
				40EB6AD3289D0187005CDF08 /* Animation.swift in Sources */,
				4013F466289BFB370029ACEA /* SceneDelegate.swift in Sources */,
			);
			runOnlyForDeploymentPostprocessing = 0;
		};
/* End PBXSourcesBuildPhase section */

/* Begin PBXVariantGroup section */
		4013F469289BFB370029ACEA /* Main.storyboard */ = {
			isa = PBXVariantGroup;
			children = (
				4013F46A289BFB370029ACEA /* Base */,
			);
			name = Main.storyboard;
			sourceTree = "<group>";
		};
		4013F46E289BFB390029ACEA /* LaunchScreen.storyboard */ = {
			isa = PBXVariantGroup;
			children = (
				4013F46F289BFB390029ACEA /* Base */,
			);
			name = LaunchScreen.storyboard;
			sourceTree = "<group>";
		};
/* End PBXVariantGroup section */

/* Begin XCBuildConfiguration section */
		4013F472289BFB390029ACEA /* Debug */ = {
			isa = XCBuildConfiguration;
			buildSettings = {
				ALWAYS_SEARCH_USER_PATHS = NO;
				CLANG_ANALYZER_NONNULL = YES;
				CLANG_ANALYZER_NUMBER_OBJECT_CONVERSION = YES_AGGRESSIVE;
				CLANG_CXX_LANGUAGE_STANDARD = "gnu++17";
				CLANG_ENABLE_MODULES = YES;
				CLANG_ENABLE_OBJC_ARC = YES;
				CLANG_ENABLE_OBJC_WEAK = YES;
				CLANG_WARN_BLOCK_CAPTURE_AUTORELEASING = YES;
				CLANG_WARN_BOOL_CONVERSION = YES;
				CLANG_WARN_COMMA = YES;
				CLANG_WARN_CONSTANT_CONVERSION = YES;
				CLANG_WARN_DEPRECATED_OBJC_IMPLEMENTATIONS = YES;
				CLANG_WARN_DIRECT_OBJC_ISA_USAGE = YES_ERROR;
				CLANG_WARN_DOCUMENTATION_COMMENTS = YES;
				CLANG_WARN_EMPTY_BODY = YES;
				CLANG_WARN_ENUM_CONVERSION = YES;
				CLANG_WARN_INFINITE_RECURSION = YES;
				CLANG_WARN_INT_CONVERSION = YES;
				CLANG_WARN_NON_LITERAL_NULL_CONVERSION = YES;
				CLANG_WARN_OBJC_IMPLICIT_RETAIN_SELF = YES;
				CLANG_WARN_OBJC_LITERAL_CONVERSION = YES;
				CLANG_WARN_OBJC_ROOT_CLASS = YES_ERROR;
				CLANG_WARN_QUOTED_INCLUDE_IN_FRAMEWORK_HEADER = YES;
				CLANG_WARN_RANGE_LOOP_ANALYSIS = YES;
				CLANG_WARN_STRICT_PROTOTYPES = YES;
				CLANG_WARN_SUSPICIOUS_MOVE = YES;
				CLANG_WARN_UNGUARDED_AVAILABILITY = YES_AGGRESSIVE;
				CLANG_WARN_UNREACHABLE_CODE = YES;
				CLANG_WARN__DUPLICATE_METHOD_MATCH = YES;
				COPY_PHASE_STRIP = NO;
				DEBUG_INFORMATION_FORMAT = dwarf;
				ENABLE_STRICT_OBJC_MSGSEND = YES;
				ENABLE_TESTABILITY = YES;
				GCC_C_LANGUAGE_STANDARD = gnu11;
				GCC_DYNAMIC_NO_PIC = NO;
				GCC_NO_COMMON_BLOCKS = YES;
				GCC_OPTIMIZATION_LEVEL = 0;
				GCC_PREPROCESSOR_DEFINITIONS = (
					"DEBUG=1",
					"$(inherited)",
				);
				GCC_WARN_64_TO_32_BIT_CONVERSION = YES;
				GCC_WARN_ABOUT_RETURN_TYPE = YES_ERROR;
				GCC_WARN_UNDECLARED_SELECTOR = YES;
				GCC_WARN_UNINITIALIZED_AUTOS = YES_AGGRESSIVE;
				GCC_WARN_UNUSED_FUNCTION = YES;
				GCC_WARN_UNUSED_VARIABLE = YES;
				IPHONEOS_DEPLOYMENT_TARGET = 15.5;
				MTL_ENABLE_DEBUG_INFO = INCLUDE_SOURCE;
				MTL_FAST_MATH = YES;
				ONLY_ACTIVE_ARCH = YES;
				SDKROOT = iphoneos;
				SWIFT_ACTIVE_COMPILATION_CONDITIONS = DEBUG;
				SWIFT_OPTIMIZATION_LEVEL = "-Onone";
			};
			name = Debug;
		};
		4013F473289BFB390029ACEA /* Release */ = {
			isa = XCBuildConfiguration;
			buildSettings = {
				ALWAYS_SEARCH_USER_PATHS = NO;
				CLANG_ANALYZER_NONNULL = YES;
				CLANG_ANALYZER_NUMBER_OBJECT_CONVERSION = YES_AGGRESSIVE;
				CLANG_CXX_LANGUAGE_STANDARD = "gnu++17";
				CLANG_ENABLE_MODULES = YES;
				CLANG_ENABLE_OBJC_ARC = YES;
				CLANG_ENABLE_OBJC_WEAK = YES;
				CLANG_WARN_BLOCK_CAPTURE_AUTORELEASING = YES;
				CLANG_WARN_BOOL_CONVERSION = YES;
				CLANG_WARN_COMMA = YES;
				CLANG_WARN_CONSTANT_CONVERSION = YES;
				CLANG_WARN_DEPRECATED_OBJC_IMPLEMENTATIONS = YES;
				CLANG_WARN_DIRECT_OBJC_ISA_USAGE = YES_ERROR;
				CLANG_WARN_DOCUMENTATION_COMMENTS = YES;
				CLANG_WARN_EMPTY_BODY = YES;
				CLANG_WARN_ENUM_CONVERSION = YES;
				CLANG_WARN_INFINITE_RECURSION = YES;
				CLANG_WARN_INT_CONVERSION = YES;
				CLANG_WARN_NON_LITERAL_NULL_CONVERSION = YES;
				CLANG_WARN_OBJC_IMPLICIT_RETAIN_SELF = YES;
				CLANG_WARN_OBJC_LITERAL_CONVERSION = YES;
				CLANG_WARN_OBJC_ROOT_CLASS = YES_ERROR;
				CLANG_WARN_QUOTED_INCLUDE_IN_FRAMEWORK_HEADER = YES;
				CLANG_WARN_RANGE_LOOP_ANALYSIS = YES;
				CLANG_WARN_STRICT_PROTOTYPES = YES;
				CLANG_WARN_SUSPICIOUS_MOVE = YES;
				CLANG_WARN_UNGUARDED_AVAILABILITY = YES_AGGRESSIVE;
				CLANG_WARN_UNREACHABLE_CODE = YES;
				CLANG_WARN__DUPLICATE_METHOD_MATCH = YES;
				COPY_PHASE_STRIP = NO;
				DEBUG_INFORMATION_FORMAT = "dwarf-with-dsym";
				ENABLE_NS_ASSERTIONS = NO;
				ENABLE_STRICT_OBJC_MSGSEND = YES;
				GCC_C_LANGUAGE_STANDARD = gnu11;
				GCC_NO_COMMON_BLOCKS = YES;
				GCC_WARN_64_TO_32_BIT_CONVERSION = YES;
				GCC_WARN_ABOUT_RETURN_TYPE = YES_ERROR;
				GCC_WARN_UNDECLARED_SELECTOR = YES;
				GCC_WARN_UNINITIALIZED_AUTOS = YES_AGGRESSIVE;
				GCC_WARN_UNUSED_FUNCTION = YES;
				GCC_WARN_UNUSED_VARIABLE = YES;
				IPHONEOS_DEPLOYMENT_TARGET = 15.5;
				MTL_ENABLE_DEBUG_INFO = NO;
				MTL_FAST_MATH = YES;
				SDKROOT = iphoneos;
				SWIFT_COMPILATION_MODE = wholemodule;
				SWIFT_OPTIMIZATION_LEVEL = "-O";
				VALIDATE_PRODUCT = YES;
			};
			name = Release;
		};
		4013F475289BFB390029ACEA /* Debug */ = {
			isa = XCBuildConfiguration;
			buildSettings = {
				ASSETCATALOG_COMPILER_APPICON_NAME = AppIcon;
				ASSETCATALOG_COMPILER_GLOBAL_ACCENT_COLOR_NAME = AccentColor;
				CODE_SIGN_STYLE = Automatic;
				CURRENT_PROJECT_VERSION = 1;
				DEVELOPMENT_TEAM = GYQWR7DN6H;
				GENERATE_INFOPLIST_FILE = YES;
				INFOPLIST_FILE = "Lesson 3.1 HW/App/Info.plist";
				INFOPLIST_KEY_UIApplicationSupportsIndirectInputEvents = YES;
				INFOPLIST_KEY_UILaunchStoryboardName = LaunchScreen;
				INFOPLIST_KEY_UIMainStoryboardFile = Main;
				INFOPLIST_KEY_UISupportedInterfaceOrientations_iPad = "UIInterfaceOrientationPortrait UIInterfaceOrientationPortraitUpsideDown UIInterfaceOrientationLandscapeLeft UIInterfaceOrientationLandscapeRight";
				INFOPLIST_KEY_UISupportedInterfaceOrientations_iPhone = "UIInterfaceOrientationPortrait UIInterfaceOrientationLandscapeLeft UIInterfaceOrientationLandscapeRight";
				LD_RUNPATH_SEARCH_PATHS = (
					"$(inherited)",
					"@executable_path/Frameworks",
				);
				MARKETING_VERSION = 1.0;
				PRODUCT_BUNDLE_IDENTIFIER = "Psycho.Lesson-3-1-HW";
				PRODUCT_NAME = "$(TARGET_NAME)";
				SWIFT_EMIT_LOC_STRINGS = YES;
				SWIFT_VERSION = 5.0;
				TARGETED_DEVICE_FAMILY = "1,2";
			};
			name = Debug;
		};
		4013F476289BFB390029ACEA /* Release */ = {
			isa = XCBuildConfiguration;
			buildSettings = {
				ASSETCATALOG_COMPILER_APPICON_NAME = AppIcon;
				ASSETCATALOG_COMPILER_GLOBAL_ACCENT_COLOR_NAME = AccentColor;
				CODE_SIGN_STYLE = Automatic;
				CURRENT_PROJECT_VERSION = 1;
				DEVELOPMENT_TEAM = GYQWR7DN6H;
				GENERATE_INFOPLIST_FILE = YES;
				INFOPLIST_FILE = "Lesson 3.1 HW/App/Info.plist";
				INFOPLIST_KEY_UIApplicationSupportsIndirectInputEvents = YES;
				INFOPLIST_KEY_UILaunchStoryboardName = LaunchScreen;
				INFOPLIST_KEY_UIMainStoryboardFile = Main;
				INFOPLIST_KEY_UISupportedInterfaceOrientations_iPad = "UIInterfaceOrientationPortrait UIInterfaceOrientationPortraitUpsideDown UIInterfaceOrientationLandscapeLeft UIInterfaceOrientationLandscapeRight";
				INFOPLIST_KEY_UISupportedInterfaceOrientations_iPhone = "UIInterfaceOrientationPortrait UIInterfaceOrientationLandscapeLeft UIInterfaceOrientationLandscapeRight";
				LD_RUNPATH_SEARCH_PATHS = (
					"$(inherited)",
					"@executable_path/Frameworks",
				);
				MARKETING_VERSION = 1.0;
				PRODUCT_BUNDLE_IDENTIFIER = "Psycho.Lesson-3-1-HW";
				PRODUCT_NAME = "$(TARGET_NAME)";
				SWIFT_EMIT_LOC_STRINGS = YES;
				SWIFT_VERSION = 5.0;
				TARGETED_DEVICE_FAMILY = "1,2";
			};
			name = Release;
		};
/* End XCBuildConfiguration section */

/* Begin XCConfigurationList section */
		4013F45B289BFB370029ACEA /* Build configuration list for PBXProject "Lesson 3.1 HW" */ = {
			isa = XCConfigurationList;
			buildConfigurations = (
				4013F472289BFB390029ACEA /* Debug */,
				4013F473289BFB390029ACEA /* Release */,
			);
			defaultConfigurationIsVisible = 0;
			defaultConfigurationName = Release;
		};
		4013F474289BFB390029ACEA /* Build configuration list for PBXNativeTarget "Lesson 3.1 HW" */ = {
			isa = XCConfigurationList;
			buildConfigurations = (
				4013F475289BFB390029ACEA /* Debug */,
				4013F476289BFB390029ACEA /* Release */,
			);
			defaultConfigurationIsVisible = 0;
			defaultConfigurationName = Release;
		};
/* End XCConfigurationList section */

/* Begin XCRemoteSwiftPackageReference section */
		4013F477289BFC000029ACEA /* XCRemoteSwiftPackageReference "SpringAnimation" */ = {
			isa = XCRemoteSwiftPackageReference;
			repositoryURL = "https://github.com/LexDeBash/SpringAnimation";
			requirement = {
				kind = upToNextMajorVersion;
				minimumVersion = 0.3.0;
			};
		};
/* End XCRemoteSwiftPackageReference section */

/* Begin XCSwiftPackageProductDependency section */
		4013F478289BFC000029ACEA /* SpringAnimation */ = {
			isa = XCSwiftPackageProductDependency;
			package = 4013F477289BFC000029ACEA /* XCRemoteSwiftPackageReference "SpringAnimation" */;
			productName = SpringAnimation;
		};
/* End XCSwiftPackageProductDependency section */
	};
	rootObject = 4013F458289BFB370029ACEA /* Project object */;
}
